
Microsoft Visual Studio Solution File, Format Version 12.00
# Visual Studio Version 17
VisualStudioVersion = 17.13.35818.85
MinimumVisualStudioVersion = 10.0.40219.1
Project("{FAE04EC0-301F-11D3-BF4B-00C04F79EFBC}") = "Restaurant.WebUi", "Restaurant.WebUi\Restaurant.WebUi.csproj", "{8EF43939-3D10-4700-A86F-6B66E87F90B9}"
EndProject
Global
	GlobalSection(SolutionConfigurationPlatforms) = preSolution
		Debug|Any CPU = Debug|Any CPU
		Release|Any CPU = Release|Any CPU
	EndGlobalSection
	GlobalSection(ProjectConfigurationPlatforms) = postSolution
		{8EF43939-3D10-4700-A86F-6B66E87F90B9}.Debug|Any CPU.ActiveCfg = Debug|Any CPU
		{8EF43939-3D10-4700-A86F-6B66E87F90B9}.Debug|Any CPU.Build.0 = Debug|Any CPU
		{8EF43939-3D10-4700-A86F-6B66E87F90B9}.Release|Any CPU.ActiveCfg = Release|Any CPU
		{8EF43939-3D10-4700-A86F-6B66E87F90B9}.Release|Any CPU.Build.0 = Release|Any CPU
	EndGlobalSection
	GlobalSection(SolutionProperties) = preSolution
		HideSolutionNode = FALSE
	EndGlobalSection
	GlobalSection(ExtensibilityGlobals) = postSolution
		SolutionGuid = {65B28B8E-7088-412A-85F8-6CAA95939465}
	EndGlobalSection
EndGlobal
